
Microsoft Visual Studio Solution File, Format Version 12.00
# Visual Studio Version 17
VisualStudioVersion = 17.3.32929.385
MinimumVisualStudioVersion = 10.0.40219.1
Project("{FAE04EC0-301F-11D3-BF4B-00C04F79EFBC}") = "Banking Application", "Banking Application\Banking Application.csproj", "{689BE257-821E-44D9-BC93-82989AA781F7}"
EndProject
Global
	GlobalSection(SolutionConfigurationPlatforms) = preSolution
		Debug|Any CPU = Debug|Any CPU
		Release|Any CPU = Release|Any CPU
	EndGlobalSection
	GlobalSection(ProjectConfigurationPlatforms) = postSolution
		{689BE257-821E-44D9-BC93-82989AA781F7}.Debug|Any CPU.ActiveCfg = Debug|Any CPU
		{689BE257-821E-44D9-BC93-82989AA781F7}.Debug|Any CPU.Build.0 = Debug|Any CPU
		{689BE257-821E-44D9-BC93-82989AA781F7}.Release|Any CPU.ActiveCfg = Release|Any CPU
		{689BE257-821E-44D9-BC93-82989AA781F7}.Release|Any CPU.Build.0 = Release|Any CPU
	EndGlobalSection
	GlobalSection(SolutionProperties) = preSolution
		HideSolutionNode = FALSE
	EndGlobalSection
	GlobalSection(ExtensibilityGlobals) = postSolution
		SolutionGuid = {DE4B70E9-6B22-4A1C-9623-97864CA2EF14}
	EndGlobalSection
EndGlobal
